// !$*UTF8*$!
{
	archiveVersion = 1;
	classes = {
	};
	objectVersion = 46;
	objects = {

/* Begin PBXBuildFile section */
		10173F041D92360700AC56B2 /* BankAppIOSTests.swift in Sources */ = {isa = PBXBuildFile; fileRef = 10173F031D92360700AC56B2 /* BankAppIOSTests.swift */; };
		103B12CF1D90DA1700C1615F /* AppDelegate.swift in Sources */ = {isa = PBXBuildFile; fileRef = 103B12CE1D90DA1700C1615F /* AppDelegate.swift */; };
		103B12D11D90DA1700C1615F /* LoginViewController.swift in Sources */ = {isa = PBXBuildFile; fileRef = 103B12D01D90DA1700C1615F /* LoginViewController.swift */; };
		103B12D41D90DA1700C1615F /* Main.storyboard in Resources */ = {isa = PBXBuildFile; fileRef = 103B12D21D90DA1700C1615F /* Main.storyboard */; };
		103B12D61D90DA1700C1615F /* Assets.xcassets in Resources */ = {isa = PBXBuildFile; fileRef = 103B12D51D90DA1700C1615F /* Assets.xcassets */; };
		103B12D91D90DA1700C1615F /* LaunchScreen.storyboard in Resources */ = {isa = PBXBuildFile; fileRef = 103B12D71D90DA1700C1615F /* LaunchScreen.storyboard */; };
		43D6B5DEC07CF08436104D5D /* Pods_BankAppIOS.framework in Frameworks */ = {isa = PBXBuildFile; fileRef = 571E6F3CD84D549C4886BCF4 /* Pods_BankAppIOS.framework */; };
		C1D96E8E91E88BCBB567DEC6 /* Pods_BankAppIOSTests.framework in Frameworks */ = {isa = PBXBuildFile; fileRef = EF4B00ABF9ED158B990A3E04 /* Pods_BankAppIOSTests.framework */; };
/* End PBXBuildFile section */

/* Begin PBXContainerItemProxy section */
		10173F061D92360700AC56B2 /* PBXContainerItemProxy */ = {
			isa = PBXContainerItemProxy;
			containerPortal = 103B12C31D90DA1600C1615F /* Project object */;
			proxyType = 1;
			remoteGlobalIDString = 103B12CA1D90DA1700C1615F;
			remoteInfo = BankAppIOS;
		};
/* End PBXContainerItemProxy section */

/* Begin PBXFileReference section */
		0EB32E02C893769A529F700A /* Pods-BankAppIOSTests.release.xcconfig */ = {isa = PBXFileReference; includeInIndex = 1; lastKnownFileType = text.xcconfig; name = "Pods-BankAppIOSTests.release.xcconfig"; path = "Pods/Target Support Files/Pods-BankAppIOSTests/Pods-BankAppIOSTests.release.xcconfig"; sourceTree = "<group>"; };
		10173F011D92360700AC56B2 /* BankAppIOSTests.xctest */ = {isa = PBXFileReference; explicitFileType = wrapper.cfbundle; includeInIndex = 0; path = BankAppIOSTests.xctest; sourceTree = BUILT_PRODUCTS_DIR; };
		10173F031D92360700AC56B2 /* BankAppIOSTests.swift */ = {isa = PBXFileReference; lastKnownFileType = sourcecode.swift; path = BankAppIOSTests.swift; sourceTree = "<group>"; };
		10173F051D92360700AC56B2 /* Info.plist */ = {isa = PBXFileReference; lastKnownFileType = text.plist.xml; path = Info.plist; sourceTree = "<group>"; };
		103B12CE1D90DA1700C1615F /* AppDelegate.swift */ = {isa = PBXFileReference; lastKnownFileType = sourcecode.swift; path = AppDelegate.swift; sourceTree = "<group>"; };
		103B12D01D90DA1700C1615F /* LoginViewController.swift */ = {isa = PBXFileReference; lastKnownFileType = sourcecode.swift; path = LoginViewController.swift; sourceTree = "<group>"; };
		103B12D31D90DA1700C1615F /* Base */ = {isa = PBXFileReference; lastKnownFileType = file.storyboard; name = Base; path = Base.lproj/Main.storyboard; sourceTree = "<group>"; };
		103B12D51D90DA1700C1615F /* Assets.xcassets */ = {isa = PBXFileReference; lastKnownFileType = folder.assetcatalog; path = Assets.xcassets; sourceTree = "<group>"; };
		103B12D81D90DA1700C1615F /* Base */ = {isa = PBXFileReference; lastKnownFileType = file.storyboard; name = Base; path = Base.lproj/LaunchScreen.storyboard; sourceTree = "<group>"; };
		103B12DA1D90DA1700C1615F /* Info.plist */ = {isa = PBXFileReference; lastKnownFileType = text.plist.xml; path = Info.plist; sourceTree = "<group>"; };
		571E6F3CD84D549C4886BCF4 /* Pods_BankAppIOS.framework */ = {isa = PBXFileReference; explicitFileType = wrapper.framework; includeInIndex = 0; path = Pods_BankAppIOS.framework; sourceTree = BUILT_PRODUCTS_DIR; };
		7FC201557ACA4D27A5F001D8 /* Pods-BankAppIOS.debug.xcconfig */ = {isa = PBXFileReference; includeInIndex = 1; lastKnownFileType = text.xcconfig; name = "Pods-BankAppIOS.debug.xcconfig"; path = "Pods/Target Support Files/Pods-BankAppIOS/Pods-BankAppIOS.debug.xcconfig"; sourceTree = "<group>"; };
		8AA6BC36FA8AEBEC82C29A21 /* Pods-BankAppIOSTests.debug.xcconfig */ = {isa = PBXFileReference; includeInIndex = 1; lastKnownFileType = text.xcconfig; name = "Pods-BankAppIOSTests.debug.xcconfig"; path = "Pods/Target Support Files/Pods-BankAppIOSTests/Pods-BankAppIOSTests.debug.xcconfig"; sourceTree = "<group>"; };
		A0BE4CC91D913798007ED361 /* BankAppIOS.app */ = {isa = PBXFileReference; explicitFileType = wrapper.application; includeInIndex = 0; path = BankAppIOS.app; sourceTree = BUILT_PRODUCTS_DIR; };
		A1D7B4CB25A6CDB4811E1404 /* Pods-BankAppIOS.release.xcconfig */ = {isa = PBXFileReference; includeInIndex = 1; lastKnownFileType = text.xcconfig; name = "Pods-BankAppIOS.release.xcconfig"; path = "Pods/Target Support Files/Pods-BankAppIOS/Pods-BankAppIOS.release.xcconfig"; sourceTree = "<group>"; };
		EF4B00ABF9ED158B990A3E04 /* Pods_BankAppIOSTests.framework */ = {isa = PBXFileReference; explicitFileType = wrapper.framework; includeInIndex = 0; path = Pods_BankAppIOSTests.framework; sourceTree = BUILT_PRODUCTS_DIR; };
/* End PBXFileReference section */

/* Begin PBXFrameworksBuildPhase section */
		10173EFE1D92360700AC56B2 /* Frameworks */ = {
			isa = PBXFrameworksBuildPhase;
			buildActionMask = 2147483647;
			files = (
				C1D96E8E91E88BCBB567DEC6 /* Pods_BankAppIOSTests.framework in Frameworks */,
			);
			runOnlyForDeploymentPostprocessing = 0;
		};
		103B12C81D90DA1700C1615F /* Frameworks */ = {
			isa = PBXFrameworksBuildPhase;
			buildActionMask = 2147483647;
			files = (
				43D6B5DEC07CF08436104D5D /* Pods_BankAppIOS.framework in Frameworks */,
			);
			runOnlyForDeploymentPostprocessing = 0;
		};
/* End PBXFrameworksBuildPhase section */

/* Begin PBXGroup section */
		10173F021D92360700AC56B2 /* BankAppIOSTests */ = {
			isa = PBXGroup;
			children = (
				10173F031D92360700AC56B2 /* BankAppIOSTests.swift */,
				10173F051D92360700AC56B2 /* Info.plist */,
			);
			path = BankAppIOSTests;
			sourceTree = "<group>";
		};
		103B12C21D90DA1600C1615F = {
			isa = PBXGroup;
			children = (
				103B12CD1D90DA1700C1615F /* BankAppIOS */,
				A0BE4CC91D913798007ED361 /* BankAppIOS.app */,
				10173F011D92360700AC56B2 /* BankAppIOSTests.xctest */,
				10173F021D92360700AC56B2 /* BankAppIOSTests */,
				36E8F311A1513487F142AC88 /* Pods */,
				4810B5F6FAE3CC13ACF97B83 /* Frameworks */,
			);
			sourceTree = "<group>";
		};
		103B12CD1D90DA1700C1615F /* BankAppIOS */ = {
			isa = PBXGroup;
			children = (
				103B12CE1D90DA1700C1615F /* AppDelegate.swift */,
				103B12D01D90DA1700C1615F /* LoginViewController.swift */,
				103B12D21D90DA1700C1615F /* Main.storyboard */,
				103B12D51D90DA1700C1615F /* Assets.xcassets */,
				103B12D71D90DA1700C1615F /* LaunchScreen.storyboard */,
				103B12DA1D90DA1700C1615F /* Info.plist */,
			);
			path = BankAppIOS;
			sourceTree = "<group>";
		};
		36E8F311A1513487F142AC88 /* Pods */ = {
			isa = PBXGroup;
			children = (
				7FC201557ACA4D27A5F001D8 /* Pods-BankAppIOS.debug.xcconfig */,
				A1D7B4CB25A6CDB4811E1404 /* Pods-BankAppIOS.release.xcconfig */,
				8AA6BC36FA8AEBEC82C29A21 /* Pods-BankAppIOSTests.debug.xcconfig */,
				0EB32E02C893769A529F700A /* Pods-BankAppIOSTests.release.xcconfig */,
			);
			name = Pods;
			sourceTree = "<group>";
		};
		4810B5F6FAE3CC13ACF97B83 /* Frameworks */ = {
			isa = PBXGroup;
			children = (
				571E6F3CD84D549C4886BCF4 /* Pods_BankAppIOS.framework */,
				EF4B00ABF9ED158B990A3E04 /* Pods_BankAppIOSTests.framework */,
			);
			name = Frameworks;
			sourceTree = "<group>";
		};
/* End PBXGroup section */

/* Begin PBXNativeTarget section */
		10173F001D92360700AC56B2 /* BankAppIOSTests */ = {
			isa = PBXNativeTarget;
			buildConfigurationList = 10173F0A1D92360700AC56B2 /* Build configuration list for PBXNativeTarget "BankAppIOSTests" */;
			buildPhases = (
				67453554F2AF7BE47A7C6220 /* [CP] Check Pods Manifest.lock */,
				10173EFD1D92360700AC56B2 /* Sources */,
				10173EFE1D92360700AC56B2 /* Frameworks */,
				10173EFF1D92360700AC56B2 /* Resources */,
				F6BC2ECD85469E4040E8FABF /* [CP] Embed Pods Frameworks */,
				EA230D6D55775A61BDC639DE /* [CP] Copy Pods Resources */,
			);
			buildRules = (
			);
			dependencies = (
				10173F071D92360700AC56B2 /* PBXTargetDependency */,
			);
			name = BankAppIOSTests;
			productName = BankAppIOSTests;
			productReference = 10173F011D92360700AC56B2 /* BankAppIOSTests.xctest */;
			productType = "com.apple.product-type.bundle.unit-test";
		};
		103B12CA1D90DA1700C1615F /* BankAppIOS */ = {
			isa = PBXNativeTarget;
			buildConfigurationList = 103B12F31D90DA1700C1615F /* Build configuration list for PBXNativeTarget "BankAppIOS" */;
			buildPhases = (
				C1B6688E03982CBD109AEC85 /* [CP] Check Pods Manifest.lock */,
				103B12C71D90DA1700C1615F /* Sources */,
				103B12C81D90DA1700C1615F /* Frameworks */,
				103B12C91D90DA1700C1615F /* Resources */,
				3F14D4499937A160B31A82CE /* [CP] Embed Pods Frameworks */,
				A6C02B36200065AE14EAF911 /* [CP] Copy Pods Resources */,
			);
			buildRules = (
			);
			dependencies = (
			);
			name = BankAppIOS;
			productName = BankAppIOS;
			productReference = A0BE4CC91D913798007ED361 /* BankAppIOS.app */;
			productType = "com.apple.product-type.application";
		};
/* End PBXNativeTarget section */

/* Begin PBXProject section */
		103B12C31D90DA1600C1615F /* Project object */ = {
			isa = PBXProject;
			attributes = {
				LastSwiftUpdateCheck = 0800;
				LastUpgradeCheck = 0800;
				ORGANIZATIONNAME = frankie;
				TargetAttributes = {
					10173F001D92360700AC56B2 = {
						CreatedOnToolsVersion = 8.0;
						LastSwiftMigration = 0800;
						ProvisioningStyle = Automatic;
						TestTargetID = 103B12CA1D90DA1700C1615F;
					};
					103B12CA1D90DA1700C1615F = {
						CreatedOnToolsVersion = 8.0;
						DevelopmentTeam = 4HELFC9WFU;
						LastSwiftMigration = 0800;
						ProvisioningStyle = Automatic;
					};
				};
			};
			buildConfigurationList = 103B12C61D90DA1600C1615F /* Build configuration list for PBXProject "BankAppIOS" */;
			compatibilityVersion = "Xcode 3.2";
			developmentRegion = English;
			hasScannedForEncodings = 0;
			knownRegions = (
				en,
				Base,
			);
			mainGroup = 103B12C21D90DA1600C1615F;
			productRefGroup = 103B12C21D90DA1600C1615F;
			projectDirPath = "";
			projectRoot = "";
			targets = (
				103B12CA1D90DA1700C1615F /* BankAppIOS */,
				10173F001D92360700AC56B2 /* BankAppIOSTests */,
			);
		};
/* End PBXProject section */

/* Begin PBXResourcesBuildPhase section */
		10173EFF1D92360700AC56B2 /* Resources */ = {
			isa = PBXResourcesBuildPhase;
			buildActionMask = 2147483647;
			files = (
			);
			runOnlyForDeploymentPostprocessing = 0;
		};
		103B12C91D90DA1700C1615F /* Resources */ = {
			isa = PBXResourcesBuildPhase;
			buildActionMask = 2147483647;
			files = (
				103B12D91D90DA1700C1615F /* LaunchScreen.storyboard in Resources */,
				103B12D61D90DA1700C1615F /* Assets.xcassets in Resources */,
				103B12D41D90DA1700C1615F /* Main.storyboard in Resources */,
			);
			runOnlyForDeploymentPostprocessing = 0;
		};
/* End PBXResourcesBuildPhase section */

/* Begin PBXShellScriptBuildPhase section */
		3F14D4499937A160B31A82CE /* [CP] Embed Pods Frameworks */ = {
			isa = PBXShellScriptBuildPhase;
			buildActionMask = 2147483647;
			files = (
			);
			inputPaths = (
			);
			name = "[CP] Embed Pods Frameworks";
			outputPaths = (
			);
			runOnlyForDeploymentPostprocessing = 0;
			shellPath = /bin/sh;
			shellScript = "\"${SRCROOT}/Pods/Target Support Files/Pods-BankAppIOS/Pods-BankAppIOS-frameworks.sh\"\n";
			showEnvVarsInLog = 0;
		};
		67453554F2AF7BE47A7C6220 /* [CP] Check Pods Manifest.lock */ = {
			isa = PBXShellScriptBuildPhase;
			buildActionMask = 2147483647;
			files = (
			);
			inputPaths = (
			);
			name = "[CP] Check Pods Manifest.lock";
			outputPaths = (
			);
			runOnlyForDeploymentPostprocessing = 0;
			shellPath = /bin/sh;
			shellScript = "diff \"${PODS_ROOT}/../Podfile.lock\" \"${PODS_ROOT}/Manifest.lock\" > /dev/null\nif [[ $? != 0 ]] ; then\n    cat << EOM\nerror: The sandbox is not in sync with the Podfile.lock. Run 'pod install' or update your CocoaPods installation.\nEOM\n    exit 1\nfi\n";
			showEnvVarsInLog = 0;
		};
		A6C02B36200065AE14EAF911 /* [CP] Copy Pods Resources */ = {
			isa = PBXShellScriptBuildPhase;
			buildActionMask = 2147483647;
			files = (
			);
			inputPaths = (
			);
			name = "[CP] Copy Pods Resources";
			outputPaths = (
			);
			runOnlyForDeploymentPostprocessing = 0;
			shellPath = /bin/sh;
			shellScript = "\"${SRCROOT}/Pods/Target Support Files/Pods-BankAppIOS/Pods-BankAppIOS-resources.sh\"\n";
			showEnvVarsInLog = 0;
		};
		C1B6688E03982CBD109AEC85 /* [CP] Check Pods Manifest.lock */ = {
			isa = PBXShellScriptBuildPhase;
			buildActionMask = 2147483647;
			files = (
			);
			inputPaths = (
			);
			name = "[CP] Check Pods Manifest.lock";
			outputPaths = (
			);
			runOnlyForDeploymentPostprocessing = 0;
			shellPath = /bin/sh;
			shellScript = "diff \"${PODS_ROOT}/../Podfile.lock\" \"${PODS_ROOT}/Manifest.lock\" > /dev/null\nif [[ $? != 0 ]] ; then\n    cat << EOM\nerror: The sandbox is not in sync with the Podfile.lock. Run 'pod install' or update your CocoaPods installation.\nEOM\n    exit 1\nfi\n";
			showEnvVarsInLog = 0;
		};
		EA230D6D55775A61BDC639DE /* [CP] Copy Pods Resources */ = {
			isa = PBXShellScriptBuildPhase;
			buildActionMask = 2147483647;
			files = (
			);
			inputPaths = (
			);
			name = "[CP] Copy Pods Resources";
			outputPaths = (
			);
			runOnlyForDeploymentPostprocessing = 0;
			shellPath = /bin/sh;
			shellScript = "\"${SRCROOT}/Pods/Target Support Files/Pods-BankAppIOSTests/Pods-BankAppIOSTests-resources.sh\"\n";
			showEnvVarsInLog = 0;
		};
		F6BC2ECD85469E4040E8FABF /* [CP] Embed Pods Frameworks */ = {
			isa = PBXShellScriptBuildPhase;
			buildActionMask = 2147483647;
			files = (
			);
			inputPaths = (
			);
			name = "[CP] Embed Pods Frameworks";
			outputPaths = (
			);
			runOnlyForDeploymentPostprocessing = 0;
			shellPath = /bin/sh;
			shellScript = "\"${SRCROOT}/Pods/Target Support Files/Pods-BankAppIOSTests/Pods-BankAppIOSTests-frameworks.sh\"\n";
			showEnvVarsInLog = 0;
		};
/* End PBXShellScriptBuildPhase section */

/* Begin PBXSourcesBuildPhase section */
		10173EFD1D92360700AC56B2 /* Sources */ = {
			isa = PBXSourcesBuildPhase;
			buildActionMask = 2147483647;
			files = (
				10173F041D92360700AC56B2 /* BankAppIOSTests.swift in Sources */,
			);
			runOnlyForDeploymentPostprocessing = 0;
		};
		103B12C71D90DA1700C1615F /* Sources */ = {
			isa = PBXSourcesBuildPhase;
			buildActionMask = 2147483647;
			files = (
				103B12D11D90DA1700C1615F /* LoginViewController.swift in Sources */,
				103B12CF1D90DA1700C1615F /* AppDelegate.swift in Sources */,
			);
			runOnlyForDeploymentPostprocessing = 0;
		};
/* End PBXSourcesBuildPhase section */

/* Begin PBXTargetDependency section */
		10173F071D92360700AC56B2 /* PBXTargetDependency */ = {
			isa = PBXTargetDependency;
			target = 103B12CA1D90DA1700C1615F /* BankAppIOS */;
			targetProxy = 10173F061D92360700AC56B2 /* PBXContainerItemProxy */;
		};
/* End PBXTargetDependency section */

/* Begin PBXVariantGroup section */
		103B12D21D90DA1700C1615F /* Main.storyboard */ = {
			isa = PBXVariantGroup;
			children = (
				103B12D31D90DA1700C1615F /* Base */,
			);
			name = Main.storyboard;
			sourceTree = "<group>";
		};
		103B12D71D90DA1700C1615F /* LaunchScreen.storyboard */ = {
			isa = PBXVariantGroup;
			children = (
				103B12D81D90DA1700C1615F /* Base */,
			);
			name = LaunchScreen.storyboard;
			sourceTree = "<group>";
		};
/* End PBXVariantGroup section */

/* Begin XCBuildConfiguration section */
		10173F081D92360700AC56B2 /* Debug */ = {
			isa = XCBuildConfiguration;
			baseConfigurationReference = 8AA6BC36FA8AEBEC82C29A21 /* Pods-BankAppIOSTests.debug.xcconfig */;
			buildSettings = {
				BUNDLE_LOADER = "$(TEST_HOST)";
				INFOPLIST_FILE = BankAppIOSTests/Info.plist;
				LD_RUNPATH_SEARCH_PATHS = "$(inherited) @executable_path/Frameworks @loader_path/Frameworks";
				PRODUCT_BUNDLE_IDENTIFIER = me.BankAppIOSTests;
				PRODUCT_NAME = "$(TARGET_NAME)";
				SWIFT_VERSION = 3.0;
				TEST_HOST = "$(BUILT_PRODUCTS_DIR)/BankAppIOS.app/BankAppIOS";
			};
			name = Debug;
		};
		10173F091D92360700AC56B2 /* Release */ = {
			isa = XCBuildConfiguration;
			baseConfigurationReference = 0EB32E02C893769A529F700A /* Pods-BankAppIOSTests.release.xcconfig */;
			buildSettings = {
				BUNDLE_LOADER = "$(TEST_HOST)";
				INFOPLIST_FILE = BankAppIOSTests/Info.plist;
				LD_RUNPATH_SEARCH_PATHS = "$(inherited) @executable_path/Frameworks @loader_path/Frameworks";
				PRODUCT_BUNDLE_IDENTIFIER = me.BankAppIOSTests;
				PRODUCT_NAME = "$(TARGET_NAME)";
				SWIFT_VERSION = 3.0;
				TEST_HOST = "$(BUILT_PRODUCTS_DIR)/BankAppIOS.app/BankAppIOS";
			};
			name = Release;
		};
		103B12F11D90DA1700C1615F /* Debug */ = {
			isa = XCBuildConfiguration;
			buildSettings = {
				ALWAYS_SEARCH_USER_PATHS = NO;
				CLANG_ANALYZER_NONNULL = YES;
				CLANG_CXX_LANGUAGE_STANDARD = "gnu++0x";
				CLANG_CXX_LIBRARY = "libc++";
				CLANG_ENABLE_MODULES = YES;
				CLANG_ENABLE_OBJC_ARC = YES;
				CLANG_WARN_BOOL_CONVERSION = YES;
				CLANG_WARN_CONSTANT_CONVERSION = YES;
				CLANG_WARN_DIRECT_OBJC_ISA_USAGE = YES_ERROR;
				CLANG_WARN_DOCUMENTATION_COMMENTS = YES;
				CLANG_WARN_EMPTY_BODY = YES;
				CLANG_WARN_ENUM_CONVERSION = YES;
				CLANG_WARN_INFINITE_RECURSION = YES;
				CLANG_WARN_INT_CONVERSION = YES;
				CLANG_WARN_OBJC_ROOT_CLASS = YES_ERROR;
				CLANG_WARN_SUSPICIOUS_MOVES = YES;
				CLANG_WARN_UNREACHABLE_CODE = YES;
				CLANG_WARN__DUPLICATE_METHOD_MATCH = YES;
				"CODE_SIGN_IDENTITY[sdk=iphoneos*]" = "iPhone Developer";
				COPY_PHASE_STRIP = NO;
				DEBUG_INFORMATION_FORMAT = dwarf;
				ENABLE_STRICT_OBJC_MSGSEND = YES;
				ENABLE_TESTABILITY = YES;
				GCC_C_LANGUAGE_STANDARD = gnu99;
				GCC_DYNAMIC_NO_PIC = NO;
				GCC_NO_COMMON_BLOCKS = YES;
				GCC_OPTIMIZATION_LEVEL = 0;
				GCC_PREPROCESSOR_DEFINITIONS = (
					"DEBUG=1",
					"$(inherited)",
				);
				GCC_WARN_64_TO_32_BIT_CONVERSION = YES;
				GCC_WARN_ABOUT_RETURN_TYPE = YES_ERROR;
				GCC_WARN_UNDECLARED_SELECTOR = YES;
				GCC_WARN_UNINITIALIZED_AUTOS = YES_AGGRESSIVE;
				GCC_WARN_UNUSED_FUNCTION = YES;
				GCC_WARN_UNUSED_VARIABLE = YES;
				IPHONEOS_DEPLOYMENT_TARGET = 10.0;
				MTL_ENABLE_DEBUG_INFO = YES;
				ONLY_ACTIVE_ARCH = YES;
				SDKROOT = iphoneos;
				SWIFT_ACTIVE_COMPILATION_CONDITIONS = DEBUG;
				SWIFT_OPTIMIZATION_LEVEL = "-Onone";
				TARGETED_DEVICE_FAMILY = "1,2";
			};
			name = Debug;
		};
		103B12F21D90DA1700C1615F /* Release */ = {
			isa = XCBuildConfiguration;
			buildSettings = {
				ALWAYS_SEARCH_USER_PATHS = NO;
				CLANG_ANALYZER_NONNULL = YES;
				CLANG_CXX_LANGUAGE_STANDARD = "gnu++0x";
				CLANG_CXX_LIBRARY = "libc++";
				CLANG_ENABLE_MODULES = YES;
				CLANG_ENABLE_OBJC_ARC = YES;
				CLANG_WARN_BOOL_CONVERSION = YES;
				CLANG_WARN_CONSTANT_CONVERSION = YES;
				CLANG_WARN_DIRECT_OBJC_ISA_USAGE = YES_ERROR;
				CLANG_WARN_DOCUMENTATION_COMMENTS = YES;
				CLANG_WARN_EMPTY_BODY = YES;
				CLANG_WARN_ENUM_CONVERSION = YES;
				CLANG_WARN_INFINITE_RECURSION = YES;
				CLANG_WARN_INT_CONVERSION = YES;
				CLANG_WARN_OBJC_ROOT_CLASS = YES_ERROR;
				CLANG_WARN_SUSPICIOUS_MOVES = YES;
				CLANG_WARN_UNREACHABLE_CODE = YES;
				CLANG_WARN__DUPLICATE_METHOD_MATCH = YES;
				"CODE_SIGN_IDENTITY[sdk=iphoneos*]" = "iPhone Developer";
				COPY_PHASE_STRIP = NO;
				DEBUG_INFORMATION_FORMAT = "dwarf-with-dsym";
				ENABLE_NS_ASSERTIONS = NO;
				ENABLE_STRICT_OBJC_MSGSEND = YES;
				GCC_C_LANGUAGE_STANDARD = gnu99;
				GCC_NO_COMMON_BLOCKS = YES;
				GCC_WARN_64_TO_32_BIT_CONVERSION = YES;
				GCC_WARN_ABOUT_RETURN_TYPE = YES_ERROR;
				GCC_WARN_UNDECLARED_SELECTOR = YES;
				GCC_WARN_UNINITIALIZED_AUTOS = YES_AGGRESSIVE;
				GCC_WARN_UNUSED_FUNCTION = YES;
				GCC_WARN_UNUSED_VARIABLE = YES;
				IPHONEOS_DEPLOYMENT_TARGET = 10.0;
				MTL_ENABLE_DEBUG_INFO = NO;
				SDKROOT = iphoneos;
				SWIFT_OPTIMIZATION_LEVEL = "-Owholemodule";
				TARGETED_DEVICE_FAMILY = "1,2";
				VALIDATE_PRODUCT = YES;
			};
			name = Release;
		};
		103B12F41D90DA1700C1615F /* Debug */ = {
			isa = XCBuildConfiguration;
			baseConfigurationReference = 7FC201557ACA4D27A5F001D8 /* Pods-BankAppIOS.debug.xcconfig */;
			buildSettings = {
				ASSETCATALOG_COMPILER_APPICON_NAME = AppIcon;
				DEVELOPMENT_TEAM = 4HELFC9WFU;
				INFOPLIST_FILE = BankAppIOS/Info.plist;
				LD_RUNPATH_SEARCH_PATHS = "$(inherited) @executable_path/Frameworks";
				PRODUCT_BUNDLE_IDENTIFIER = me.BankAppIOS;
				PRODUCT_NAME = "$(TARGET_NAME)";
				SWIFT_VERSION = 3.0;
			};
			name = Debug;
		};
		103B12F51D90DA1700C1615F /* Release */ = {
			isa = XCBuildConfiguration;
			baseConfigurationReference = A1D7B4CB25A6CDB4811E1404 /* Pods-BankAppIOS.release.xcconfig */;
			buildSettings = {
				ASSETCATALOG_COMPILER_APPICON_NAME = AppIcon;
				DEVELOPMENT_TEAM = 4HELFC9WFU;
				INFOPLIST_FILE = BankAppIOS/Info.plist;
				LD_RUNPATH_SEARCH_PATHS = "$(inherited) @executable_path/Frameworks";
				PRODUCT_BUNDLE_IDENTIFIER = me.BankAppIOS;
				PRODUCT_NAME = "$(TARGET_NAME)";
				SWIFT_VERSION = 3.0;
			};
			name = Release;
		};
/* End XCBuildConfiguration section */

/* Begin XCConfigurationList section */
		10173F0A1D92360700AC56B2 /* Build configuration list for PBXNativeTarget "BankAppIOSTests" */ = {
			isa = XCConfigurationList;
			buildConfigurations = (
				10173F081D92360700AC56B2 /* Debug */,
				10173F091D92360700AC56B2 /* Release */,
			);
			defaultConfigurationIsVisible = 0;
			defaultConfigurationName = Release;
		};
		103B12C61D90DA1600C1615F /* Build configuration list for PBXProject "BankAppIOS" */ = {
			isa = XCConfigurationList;
			buildConfigurations = (
				103B12F11D90DA1700C1615F /* Debug */,
				103B12F21D90DA1700C1615F /* Release */,
			);
			defaultConfigurationIsVisible = 0;
			defaultConfigurationName = Release;
		};
		103B12F31D90DA1700C1615F /* Build configuration list for PBXNativeTarget "BankAppIOS" */ = {
			isa = XCConfigurationList;
			buildConfigurations = (
				103B12F41D90DA1700C1615F /* Debug */,
				103B12F51D90DA1700C1615F /* Release */,
			);
			defaultConfigurationIsVisible = 0;
			defaultConfigurationName = Release;
		};
/* End XCConfigurationList section */
	};
	rootObject = 103B12C31D90DA1600C1615F /* Project object */;
}
